
Microsoft Visual Studio Solution File, Format Version 12.00
# Visual Studio Version 17
VisualStudioVersion = 17.11.35327.3
MinimumVisualStudioVersion = 10.0.40219.1
Project("{9A19103F-16F7-4668-BE54-9A1E7A4F7556}") = "CollabIndexUI", "CollabIndexUI.csproj", "{DC6C0F75-4A32-47C2-880B-64C357DAF830}"
EndProject
Global
	GlobalSection(SolutionConfigurationPlatforms) = preSolution
		Debug|Any CPU = Debug|Any CPU
		Release|Any CPU = Release|Any CPU
	EndGlobalSection
	GlobalSection(ProjectConfigurationPlatforms) = postSolution
		{DC6C0F75-4A32-47C2-880B-64C357DAF830}.Debug|Any CPU.ActiveCfg = Debug|Any CPU
		{DC6C0F75-4A32-47C2-880B-64C357DAF830}.Debug|Any CPU.Build.0 = Debug|Any CPU
		{DC6C0F75-4A32-47C2-880B-64C357DAF830}.Release|Any CPU.ActiveCfg = Release|Any CPU
		{DC6C0F75-4A32-47C2-880B-64C357DAF830}.Release|Any CPU.Build.0 = Release|Any CPU
	EndGlobalSection
	GlobalSection(SolutionProperties) = preSolution
		HideSolutionNode = FALSE
	EndGlobalSection
	GlobalSection(ExtensibilityGlobals) = postSolution
		SolutionGuid = {34C9AFA7-DB34-4208-B389-2F28194D719C}
	EndGlobalSection
EndGlobal
